file_tag: ADH_UNIT_LOCK
file_description: |-
  This table contains all of the units within facilities that accompany a person's movement 
  while they are under jurisdiction in MIDOC.
data_classification: source
primary_key_cols:
  - unit_lock_id
columns:
  - name: unit_lock_id
    description: The OMNI-database generated ID for the unit lock row.
  - name: security_level_id
    description: |-
      The ID indicating the security level for the unit, as indicated by the REFERENCE_CODE
      table.
  - name: reporting_station_id
  - name: cell_type_id
  - name: cell_status_id
  - name: location_wing_id
  - name: cell_lock
  - name: bunk
  - name: date_placed_in_service
  - name: date_removed_from_service
  - name: occupied_flag
  - name: last_update_user
  - name: last_update_date
  - name: last_update_node
  - name: cell
  - name: active_flag
